
Microsoft Visual Studio Solution File, Format Version 12.00
# Visual Studio Version 17
VisualStudioVersion = 17.9.34902.65
MinimumVisualStudioVersion = 10.0.40219.1
Project("{FAE04EC0-301F-11D3-BF4B-00C04F79EFBC}") = "gestao-pessoas-back", "gestao-pessoas-back\gestao-pessoas-back.csproj", "{77A3B277-3B62-4706-AB25-60BFF9CB8E46}"
EndProject
Global
	GlobalSection(SolutionConfigurationPlatforms) = preSolution
		Debug|Any CPU = Debug|Any CPU
		Release|Any CPU = Release|Any CPU
	EndGlobalSection
	GlobalSection(ProjectConfigurationPlatforms) = postSolution
		{77A3B277-3B62-4706-AB25-60BFF9CB8E46}.Debug|Any CPU.ActiveCfg = Debug|Any CPU
		{77A3B277-3B62-4706-AB25-60BFF9CB8E46}.Debug|Any CPU.Build.0 = Debug|Any CPU
		{77A3B277-3B62-4706-AB25-60BFF9CB8E46}.Release|Any CPU.ActiveCfg = Release|Any CPU
		{77A3B277-3B62-4706-AB25-60BFF9CB8E46}.Release|Any CPU.Build.0 = Release|Any CPU
	EndGlobalSection
	GlobalSection(SolutionProperties) = preSolution
		HideSolutionNode = FALSE
	EndGlobalSection
	GlobalSection(ExtensibilityGlobals) = postSolution
		SolutionGuid = {8930ED06-29FA-4E94-9FC1-F7B3178766BD}
	EndGlobalSection
EndGlobal
